// !$*UTF8*$!
{
	archiveVersion = 1;
	classes = {
	};
	objectVersion = 56;
	objects = {

/* Begin PBXBuildFile section */
		03401E21292B684F00ABECBA /* AppDelegate.swift in Sources */ = {isa = PBXBuildFile; fileRef = 03401E20292B684F00ABECBA /* AppDelegate.swift */; };
		03401E23292B684F00ABECBA /* SceneDelegate.swift in Sources */ = {isa = PBXBuildFile; fileRef = 03401E22292B684F00ABECBA /* SceneDelegate.swift */; };
		03401E25292B684F00ABECBA /* ViewController.swift in Sources */ = {isa = PBXBuildFile; fileRef = 03401E24292B684F00ABECBA /* ViewController.swift */; };
		03401E28292B684F00ABECBA /* Main.storyboard in Resources */ = {isa = PBXBuildFile; fileRef = 03401E26292B684F00ABECBA /* Main.storyboard */; };
		03401E2A292B685000ABECBA /* Assets.xcassets in Resources */ = {isa = PBXBuildFile; fileRef = 03401E29292B685000ABECBA /* Assets.xcassets */; };
		03401E2D292B685000ABECBA /* LaunchScreen.storyboard in Resources */ = {isa = PBXBuildFile; fileRef = 03401E2B292B685000ABECBA /* LaunchScreen.storyboard */; };
		03401E35292B688F00ABECBA /* ListenNowVC.swift in Sources */ = {isa = PBXBuildFile; fileRef = 03401E34292B688F00ABECBA /* ListenNowVC.swift */; };
		03401E37292B706100ABECBA /* MusicGenre.swift in Sources */ = {isa = PBXBuildFile; fileRef = 03401E36292B706100ABECBA /* MusicGenre.swift */; };
		03401E41292C935500ABECBA /* ListenNowPlaybarView.swift in Sources */ = {isa = PBXBuildFile; fileRef = 03401E40292C935500ABECBA /* ListenNowPlaybarView.swift */; };
		03401E43292C936E00ABECBA /* ListenNowPlaybarView.xib in Resources */ = {isa = PBXBuildFile; fileRef = 03401E42292C936E00ABECBA /* ListenNowPlaybarView.xib */; };
		03C7ED7E292CCE2300C5E158 /* ListenNowMusicGenreTableViewCell.swift in Sources */ = {isa = PBXBuildFile; fileRef = 03C7ED7C292CCE2300C5E158 /* ListenNowMusicGenreTableViewCell.swift */; };
		03C7ED7F292CCE2300C5E158 /* ListenNowMusicGenreTableViewCell.xib in Resources */ = {isa = PBXBuildFile; fileRef = 03C7ED7D292CCE2300C5E158 /* ListenNowMusicGenreTableViewCell.xib */; };
		03C7ED82292CCE4D00C5E158 /* ListenNowMadeForYouTableViewCell.swift in Sources */ = {isa = PBXBuildFile; fileRef = 03C7ED80292CCE4D00C5E158 /* ListenNowMadeForYouTableViewCell.swift */; };
		03C7ED83292CCE4D00C5E158 /* ListenNowMadeForYouTableViewCell.xib in Resources */ = {isa = PBXBuildFile; fileRef = 03C7ED81292CCE4D00C5E158 /* ListenNowMadeForYouTableViewCell.xib */; };
		03C7ED88292CDE8500C5E158 /* ListenNowMusicGenreCollectionViewCell.swift in Sources */ = {isa = PBXBuildFile; fileRef = 03C7ED86292CDE8500C5E158 /* ListenNowMusicGenreCollectionViewCell.swift */; };
		03C7ED89292CDE8500C5E158 /* ListenNowMusicGenreCollectionViewCell.xib in Resources */ = {isa = PBXBuildFile; fileRef = 03C7ED87292CDE8500C5E158 /* ListenNowMusicGenreCollectionViewCell.xib */; };
/* End PBXBuildFile section */

/* Begin PBXFileReference section */
		03401E1D292B684F00ABECBA /* appleMusicMock.app */ = {isa = PBXFileReference; explicitFileType = wrapper.application; includeInIndex = 0; path = appleMusicMock.app; sourceTree = BUILT_PRODUCTS_DIR; };
		03401E20292B684F00ABECBA /* AppDelegate.swift */ = {isa = PBXFileReference; lastKnownFileType = sourcecode.swift; path = AppDelegate.swift; sourceTree = "<group>"; };
		03401E22292B684F00ABECBA /* SceneDelegate.swift */ = {isa = PBXFileReference; lastKnownFileType = sourcecode.swift; path = SceneDelegate.swift; sourceTree = "<group>"; };
		03401E24292B684F00ABECBA /* ViewController.swift */ = {isa = PBXFileReference; lastKnownFileType = sourcecode.swift; path = ViewController.swift; sourceTree = "<group>"; };
		03401E27292B684F00ABECBA /* Base */ = {isa = PBXFileReference; lastKnownFileType = file.storyboard; name = Base; path = Base.lproj/Main.storyboard; sourceTree = "<group>"; };
		03401E29292B685000ABECBA /* Assets.xcassets */ = {isa = PBXFileReference; lastKnownFileType = folder.assetcatalog; path = Assets.xcassets; sourceTree = "<group>"; };
		03401E2C292B685000ABECBA /* Base */ = {isa = PBXFileReference; lastKnownFileType = file.storyboard; name = Base; path = Base.lproj/LaunchScreen.storyboard; sourceTree = "<group>"; };
		03401E2E292B685000ABECBA /* Info.plist */ = {isa = PBXFileReference; lastKnownFileType = text.plist.xml; path = Info.plist; sourceTree = "<group>"; };
		03401E34292B688F00ABECBA /* ListenNowVC.swift */ = {isa = PBXFileReference; lastKnownFileType = sourcecode.swift; path = ListenNowVC.swift; sourceTree = "<group>"; };
		03401E36292B706100ABECBA /* MusicGenre.swift */ = {isa = PBXFileReference; lastKnownFileType = sourcecode.swift; path = MusicGenre.swift; sourceTree = "<group>"; };
		03401E40292C935500ABECBA /* ListenNowPlaybarView.swift */ = {isa = PBXFileReference; lastKnownFileType = sourcecode.swift; path = ListenNowPlaybarView.swift; sourceTree = "<group>"; };
		03401E42292C936E00ABECBA /* ListenNowPlaybarView.xib */ = {isa = PBXFileReference; lastKnownFileType = file.xib; path = ListenNowPlaybarView.xib; sourceTree = "<group>"; };
		03C7ED7C292CCE2300C5E158 /* ListenNowMusicGenreTableViewCell.swift */ = {isa = PBXFileReference; lastKnownFileType = sourcecode.swift; path = ListenNowMusicGenreTableViewCell.swift; sourceTree = "<group>"; };
		03C7ED7D292CCE2300C5E158 /* ListenNowMusicGenreTableViewCell.xib */ = {isa = PBXFileReference; lastKnownFileType = file.xib; path = ListenNowMusicGenreTableViewCell.xib; sourceTree = "<group>"; };
		03C7ED80292CCE4D00C5E158 /* ListenNowMadeForYouTableViewCell.swift */ = {isa = PBXFileReference; lastKnownFileType = sourcecode.swift; path = ListenNowMadeForYouTableViewCell.swift; sourceTree = "<group>"; };
		03C7ED81292CCE4D00C5E158 /* ListenNowMadeForYouTableViewCell.xib */ = {isa = PBXFileReference; lastKnownFileType = file.xib; path = ListenNowMadeForYouTableViewCell.xib; sourceTree = "<group>"; };
		03C7ED86292CDE8500C5E158 /* ListenNowMusicGenreCollectionViewCell.swift */ = {isa = PBXFileReference; lastKnownFileType = sourcecode.swift; path = ListenNowMusicGenreCollectionViewCell.swift; sourceTree = "<group>"; };
		03C7ED87292CDE8500C5E158 /* ListenNowMusicGenreCollectionViewCell.xib */ = {isa = PBXFileReference; lastKnownFileType = file.xib; path = ListenNowMusicGenreCollectionViewCell.xib; sourceTree = "<group>"; };
/* End PBXFileReference section */

/* Begin PBXFrameworksBuildPhase section */
		03401E1A292B684F00ABECBA /* Frameworks */ = {
			isa = PBXFrameworksBuildPhase;
			buildActionMask = 2147483647;
			files = (
			);
			runOnlyForDeploymentPostprocessing = 0;
		};
/* End PBXFrameworksBuildPhase section */

/* Begin PBXGroup section */
		03401E14292B684F00ABECBA = {
			isa = PBXGroup;
			children = (
				03401E1F292B684F00ABECBA /* appleMusicMock */,
				03401E1E292B684F00ABECBA /* Products */,
			);
			sourceTree = "<group>";
		};
		03401E1E292B684F00ABECBA /* Products */ = {
			isa = PBXGroup;
			children = (
				03401E1D292B684F00ABECBA /* appleMusicMock.app */,
			);
			name = Products;
			sourceTree = "<group>";
		};
		03401E1F292B684F00ABECBA /* appleMusicMock */ = {
			isa = PBXGroup;
			children = (
				03401E24292B684F00ABECBA /* ViewController.swift */,
				03401E26292B684F00ABECBA /* Main.storyboard */,
				039778A3292CB5F100887315 /* Delegate */,
				039778A4292CB5FC00887315 /* Model */,
				039778A5292CB61600887315 /* Tab bar VCs */,
				039778A6292CB62400887315 /* TableViewCells */,
				039778A2292CB5E100887315 /* noUse */,
				03401E29292B685000ABECBA /* Assets.xcassets */,
				03401E2B292B685000ABECBA /* LaunchScreen.storyboard */,
				03401E2E292B685000ABECBA /* Info.plist */,
			);
			path = appleMusicMock;
			sourceTree = "<group>";
		};
		039778A2292CB5E100887315 /* noUse */ = {
			isa = PBXGroup;
			children = (
				03401E42292C936E00ABECBA /* ListenNowPlaybarView.xib */,
				03401E40292C935500ABECBA /* ListenNowPlaybarView.swift */,
			);
			path = noUse;
			sourceTree = "<group>";
		};
		039778A3292CB5F100887315 /* Delegate */ = {
			isa = PBXGroup;
			children = (
				03401E20292B684F00ABECBA /* AppDelegate.swift */,
				03401E22292B684F00ABECBA /* SceneDelegate.swift */,
			);
			path = Delegate;
			sourceTree = "<group>";
		};
		039778A4292CB5FC00887315 /* Model */ = {
			isa = PBXGroup;
			children = (
				03401E36292B706100ABECBA /* MusicGenre.swift */,
			);
			path = Model;
			sourceTree = "<group>";
		};
		039778A5292CB61600887315 /* Tab bar VCs */ = {
			isa = PBXGroup;
			children = (
				03401E34292B688F00ABECBA /* ListenNowVC.swift */,
			);
			path = "Tab bar VCs";
			sourceTree = "<group>";
		};
		039778A6292CB62400887315 /* TableViewCells */ = {
			isa = PBXGroup;
			children = (
				03C7ED7D292CCE2300C5E158 /* ListenNowMusicGenreTableViewCell.xib */,
				03C7ED7C292CCE2300C5E158 /* ListenNowMusicGenreTableViewCell.swift */,
				03C7ED81292CCE4D00C5E158 /* ListenNowMadeForYouTableViewCell.xib */,
				03C7ED80292CCE4D00C5E158 /* ListenNowMadeForYouTableViewCell.swift */,
				03C7ED87292CDE8500C5E158 /* ListenNowMusicGenreCollectionViewCell.xib */,
				03C7ED86292CDE8500C5E158 /* ListenNowMusicGenreCollectionViewCell.swift */,
			);
			path = TableViewCells;
			sourceTree = "<group>";
		};
/* End PBXGroup section */

/* Begin PBXNativeTarget section */
		03401E1C292B684F00ABECBA /* appleMusicMock */ = {
			isa = PBXNativeTarget;
			buildConfigurationList = 03401E31292B685000ABECBA /* Build configuration list for PBXNativeTarget "appleMusicMock" */;
			buildPhases = (
				03401E19292B684F00ABECBA /* Sources */,
				03401E1A292B684F00ABECBA /* Frameworks */,
				03401E1B292B684F00ABECBA /* Resources */,
			);
			buildRules = (
			);
			dependencies = (
			);
			name = appleMusicMock;
			productName = appleMusicMock;
			productReference = 03401E1D292B684F00ABECBA /* appleMusicMock.app */;
			productType = "com.apple.product-type.application";
		};
/* End PBXNativeTarget section */

/* Begin PBXProject section */
		03401E15292B684F00ABECBA /* Project object */ = {
			isa = PBXProject;
			attributes = {
				BuildIndependentTargetsInParallel = 1;
				LastSwiftUpdateCheck = 1410;
				LastUpgradeCheck = 1410;
				TargetAttributes = {
					03401E1C292B684F00ABECBA = {
						CreatedOnToolsVersion = 14.1;
					};
				};
			};
			buildConfigurationList = 03401E18292B684F00ABECBA /* Build configuration list for PBXProject "appleMusicMock" */;
			compatibilityVersion = "Xcode 14.0";
			developmentRegion = en;
			hasScannedForEncodings = 0;
			knownRegions = (
				en,
				Base,
			);
			mainGroup = 03401E14292B684F00ABECBA;
			productRefGroup = 03401E1E292B684F00ABECBA /* Products */;
			projectDirPath = "";
			projectRoot = "";
			targets = (
				03401E1C292B684F00ABECBA /* appleMusicMock */,
			);
		};
/* End PBXProject section */

/* Begin PBXResourcesBuildPhase section */
		03401E1B292B684F00ABECBA /* Resources */ = {
			isa = PBXResourcesBuildPhase;
			buildActionMask = 2147483647;
			files = (
				03C7ED83292CCE4D00C5E158 /* ListenNowMadeForYouTableViewCell.xib in Resources */,
				03401E2D292B685000ABECBA /* LaunchScreen.storyboard in Resources */,
				03401E43292C936E00ABECBA /* ListenNowPlaybarView.xib in Resources */,
				03C7ED89292CDE8500C5E158 /* ListenNowMusicGenreCollectionViewCell.xib in Resources */,
				03401E2A292B685000ABECBA /* Assets.xcassets in Resources */,
				03401E28292B684F00ABECBA /* Main.storyboard in Resources */,
				03C7ED7F292CCE2300C5E158 /* ListenNowMusicGenreTableViewCell.xib in Resources */,
			);
			runOnlyForDeploymentPostprocessing = 0;
		};
/* End PBXResourcesBuildPhase section */

/* Begin PBXSourcesBuildPhase section */
		03401E19292B684F00ABECBA /* Sources */ = {
			isa = PBXSourcesBuildPhase;
			buildActionMask = 2147483647;
			files = (
				03401E35292B688F00ABECBA /* ListenNowVC.swift in Sources */,
				03401E25292B684F00ABECBA /* ViewController.swift in Sources */,
				03C7ED82292CCE4D00C5E158 /* ListenNowMadeForYouTableViewCell.swift in Sources */,
				03401E21292B684F00ABECBA /* AppDelegate.swift in Sources */,
				03C7ED7E292CCE2300C5E158 /* ListenNowMusicGenreTableViewCell.swift in Sources */,
				03401E37292B706100ABECBA /* MusicGenre.swift in Sources */,
				03C7ED88292CDE8500C5E158 /* ListenNowMusicGenreCollectionViewCell.swift in Sources */,
				03401E41292C935500ABECBA /* ListenNowPlaybarView.swift in Sources */,
				03401E23292B684F00ABECBA /* SceneDelegate.swift in Sources */,
			);
			runOnlyForDeploymentPostprocessing = 0;
		};
/* End PBXSourcesBuildPhase section */

/* Begin PBXVariantGroup section */
		03401E26292B684F00ABECBA /* Main.storyboard */ = {
			isa = PBXVariantGroup;
			children = (
				03401E27292B684F00ABECBA /* Base */,
			);
			name = Main.storyboard;
			sourceTree = "<group>";
		};
		03401E2B292B685000ABECBA /* LaunchScreen.storyboard */ = {
			isa = PBXVariantGroup;
			children = (
				03401E2C292B685000ABECBA /* Base */,
			);
			name = LaunchScreen.storyboard;
			sourceTree = "<group>";
		};
/* End PBXVariantGroup section */

/* Begin XCBuildConfiguration section */
		03401E2F292B685000ABECBA /* Debug */ = {
			isa = XCBuildConfiguration;
			buildSettings = {
				ALWAYS_SEARCH_USER_PATHS = NO;
				CLANG_ANALYZER_NONNULL = YES;
				CLANG_ANALYZER_NUMBER_OBJECT_CONVERSION = YES_AGGRESSIVE;
				CLANG_CXX_LANGUAGE_STANDARD = "gnu++20";
				CLANG_ENABLE_MODULES = YES;
				CLANG_ENABLE_OBJC_ARC = YES;
				CLANG_ENABLE_OBJC_WEAK = YES;
				CLANG_WARN_BLOCK_CAPTURE_AUTORELEASING = YES;
				CLANG_WARN_BOOL_CONVERSION = YES;
				CLANG_WARN_COMMA = YES;
				CLANG_WARN_CONSTANT_CONVERSION = YES;
				CLANG_WARN_DEPRECATED_OBJC_IMPLEMENTATIONS = YES;
				CLANG_WARN_DIRECT_OBJC_ISA_USAGE = YES_ERROR;
				CLANG_WARN_DOCUMENTATION_COMMENTS = YES;
				CLANG_WARN_EMPTY_BODY = YES;
				CLANG_WARN_ENUM_CONVERSION = YES;
				CLANG_WARN_INFINITE_RECURSION = YES;
				CLANG_WARN_INT_CONVERSION = YES;
				CLANG_WARN_NON_LITERAL_NULL_CONVERSION = YES;
				CLANG_WARN_OBJC_IMPLICIT_RETAIN_SELF = YES;
				CLANG_WARN_OBJC_LITERAL_CONVERSION = YES;
				CLANG_WARN_OBJC_ROOT_CLASS = YES_ERROR;
				CLANG_WARN_QUOTED_INCLUDE_IN_FRAMEWORK_HEADER = YES;
				CLANG_WARN_RANGE_LOOP_ANALYSIS = YES;
				CLANG_WARN_STRICT_PROTOTYPES = YES;
				CLANG_WARN_SUSPICIOUS_MOVE = YES;
				CLANG_WARN_UNGUARDED_AVAILABILITY = YES_AGGRESSIVE;
				CLANG_WARN_UNREACHABLE_CODE = YES;
				CLANG_WARN__DUPLICATE_METHOD_MATCH = YES;
				COPY_PHASE_STRIP = NO;
				DEBUG_INFORMATION_FORMAT = dwarf;
				ENABLE_STRICT_OBJC_MSGSEND = YES;
				ENABLE_TESTABILITY = YES;
				GCC_C_LANGUAGE_STANDARD = gnu11;
				GCC_DYNAMIC_NO_PIC = NO;
				GCC_NO_COMMON_BLOCKS = YES;
				GCC_OPTIMIZATION_LEVEL = 0;
				GCC_PREPROCESSOR_DEFINITIONS = (
					"DEBUG=1",
					"$(inherited)",
				);
				GCC_WARN_64_TO_32_BIT_CONVERSION = YES;
				GCC_WARN_ABOUT_RETURN_TYPE = YES_ERROR;
				GCC_WARN_UNDECLARED_SELECTOR = YES;
				GCC_WARN_UNINITIALIZED_AUTOS = YES_AGGRESSIVE;
				GCC_WARN_UNUSED_FUNCTION = YES;
				GCC_WARN_UNUSED_VARIABLE = YES;
				IPHONEOS_DEPLOYMENT_TARGET = 16.1;
				MTL_ENABLE_DEBUG_INFO = INCLUDE_SOURCE;
				MTL_FAST_MATH = YES;
				ONLY_ACTIVE_ARCH = YES;
				SDKROOT = iphoneos;
				SWIFT_ACTIVE_COMPILATION_CONDITIONS = DEBUG;
				SWIFT_OPTIMIZATION_LEVEL = "-Onone";
			};
			name = Debug;
		};
		03401E30292B685000ABECBA /* Release */ = {
			isa = XCBuildConfiguration;
			buildSettings = {
				ALWAYS_SEARCH_USER_PATHS = NO;
				CLANG_ANALYZER_NONNULL = YES;
				CLANG_ANALYZER_NUMBER_OBJECT_CONVERSION = YES_AGGRESSIVE;
				CLANG_CXX_LANGUAGE_STANDARD = "gnu++20";
				CLANG_ENABLE_MODULES = YES;
				CLANG_ENABLE_OBJC_ARC = YES;
				CLANG_ENABLE_OBJC_WEAK = YES;
				CLANG_WARN_BLOCK_CAPTURE_AUTORELEASING = YES;
				CLANG_WARN_BOOL_CONVERSION = YES;
				CLANG_WARN_COMMA = YES;
				CLANG_WARN_CONSTANT_CONVERSION = YES;
				CLANG_WARN_DEPRECATED_OBJC_IMPLEMENTATIONS = YES;
				CLANG_WARN_DIRECT_OBJC_ISA_USAGE = YES_ERROR;
				CLANG_WARN_DOCUMENTATION_COMMENTS = YES;
				CLANG_WARN_EMPTY_BODY = YES;
				CLANG_WARN_ENUM_CONVERSION = YES;
				CLANG_WARN_INFINITE_RECURSION = YES;
				CLANG_WARN_INT_CONVERSION = YES;
				CLANG_WARN_NON_LITERAL_NULL_CONVERSION = YES;
				CLANG_WARN_OBJC_IMPLICIT_RETAIN_SELF = YES;
				CLANG_WARN_OBJC_LITERAL_CONVERSION = YES;
				CLANG_WARN_OBJC_ROOT_CLASS = YES_ERROR;
				CLANG_WARN_QUOTED_INCLUDE_IN_FRAMEWORK_HEADER = YES;
				CLANG_WARN_RANGE_LOOP_ANALYSIS = YES;
				CLANG_WARN_STRICT_PROTOTYPES = YES;
				CLANG_WARN_SUSPICIOUS_MOVE = YES;
				CLANG_WARN_UNGUARDED_AVAILABILITY = YES_AGGRESSIVE;
				CLANG_WARN_UNREACHABLE_CODE = YES;
				CLANG_WARN__DUPLICATE_METHOD_MATCH = YES;
				COPY_PHASE_STRIP = NO;
				DEBUG_INFORMATION_FORMAT = "dwarf-with-dsym";
				ENABLE_NS_ASSERTIONS = NO;
				ENABLE_STRICT_OBJC_MSGSEND = YES;
				GCC_C_LANGUAGE_STANDARD = gnu11;
				GCC_NO_COMMON_BLOCKS = YES;
				GCC_WARN_64_TO_32_BIT_CONVERSION = YES;
				GCC_WARN_ABOUT_RETURN_TYPE = YES_ERROR;
				GCC_WARN_UNDECLARED_SELECTOR = YES;
				GCC_WARN_UNINITIALIZED_AUTOS = YES_AGGRESSIVE;
				GCC_WARN_UNUSED_FUNCTION = YES;
				GCC_WARN_UNUSED_VARIABLE = YES;
				IPHONEOS_DEPLOYMENT_TARGET = 16.1;
				MTL_ENABLE_DEBUG_INFO = NO;
				MTL_FAST_MATH = YES;
				SDKROOT = iphoneos;
				SWIFT_COMPILATION_MODE = wholemodule;
				SWIFT_OPTIMIZATION_LEVEL = "-O";
				VALIDATE_PRODUCT = YES;
			};
			name = Release;
		};
		03401E32292B685000ABECBA /* Debug */ = {
			isa = XCBuildConfiguration;
			buildSettings = {
				ASSETCATALOG_COMPILER_APPICON_NAME = AppIcon;
				ASSETCATALOG_COMPILER_GLOBAL_ACCENT_COLOR_NAME = AccentColor;
				CODE_SIGN_STYLE = Automatic;
				CURRENT_PROJECT_VERSION = 1;
				DEVELOPMENT_TEAM = 6225DX9457;
				GENERATE_INFOPLIST_FILE = YES;
				INFOPLIST_FILE = appleMusicMock/Info.plist;
				INFOPLIST_KEY_UIApplicationSupportsIndirectInputEvents = YES;
				INFOPLIST_KEY_UILaunchStoryboardName = LaunchScreen;
				INFOPLIST_KEY_UIMainStoryboardFile = Main;
				INFOPLIST_KEY_UISupportedInterfaceOrientations_iPad = "UIInterfaceOrientationPortrait UIInterfaceOrientationPortraitUpsideDown UIInterfaceOrientationLandscapeLeft UIInterfaceOrientationLandscapeRight";
				INFOPLIST_KEY_UISupportedInterfaceOrientations_iPhone = "UIInterfaceOrientationPortrait UIInterfaceOrientationLandscapeLeft UIInterfaceOrientationLandscapeRight";
				LD_RUNPATH_SEARCH_PATHS = (
					"$(inherited)",
					"@executable_path/Frameworks",
				);
				MARKETING_VERSION = 1.0;
				PRODUCT_BUNDLE_IDENTIFIER = JaehoBe.appleMusicMock;
				PRODUCT_NAME = "$(TARGET_NAME)";
				SWIFT_EMIT_LOC_STRINGS = YES;
				SWIFT_VERSION = 5.0;
				TARGETED_DEVICE_FAMILY = "1,2";
			};
			name = Debug;
		};
		03401E33292B685000ABECBA /* Release */ = {
			isa = XCBuildConfiguration;
			buildSettings = {
				ASSETCATALOG_COMPILER_APPICON_NAME = AppIcon;
				ASSETCATALOG_COMPILER_GLOBAL_ACCENT_COLOR_NAME = AccentColor;
				CODE_SIGN_STYLE = Automatic;
				CURRENT_PROJECT_VERSION = 1;
				DEVELOPMENT_TEAM = 6225DX9457;
				GENERATE_INFOPLIST_FILE = YES;
				INFOPLIST_FILE = appleMusicMock/Info.plist;
				INFOPLIST_KEY_UIApplicationSupportsIndirectInputEvents = YES;
				INFOPLIST_KEY_UILaunchStoryboardName = LaunchScreen;
				INFOPLIST_KEY_UIMainStoryboardFile = Main;
				INFOPLIST_KEY_UISupportedInterfaceOrientations_iPad = "UIInterfaceOrientationPortrait UIInterfaceOrientationPortraitUpsideDown UIInterfaceOrientationLandscapeLeft UIInterfaceOrientationLandscapeRight";
				INFOPLIST_KEY_UISupportedInterfaceOrientations_iPhone = "UIInterfaceOrientationPortrait UIInterfaceOrientationLandscapeLeft UIInterfaceOrientationLandscapeRight";
				LD_RUNPATH_SEARCH_PATHS = (
					"$(inherited)",
					"@executable_path/Frameworks",
				);
				MARKETING_VERSION = 1.0;
				PRODUCT_BUNDLE_IDENTIFIER = JaehoBe.appleMusicMock;
				PRODUCT_NAME = "$(TARGET_NAME)";
				SWIFT_EMIT_LOC_STRINGS = YES;
				SWIFT_VERSION = 5.0;
				TARGETED_DEVICE_FAMILY = "1,2";
			};
			name = Release;
		};
/* End XCBuildConfiguration section */

/* Begin XCConfigurationList section */
		03401E18292B684F00ABECBA /* Build configuration list for PBXProject "appleMusicMock" */ = {
			isa = XCConfigurationList;
			buildConfigurations = (
				03401E2F292B685000ABECBA /* Debug */,
				03401E30292B685000ABECBA /* Release */,
			);
			defaultConfigurationIsVisible = 0;
			defaultConfigurationName = Release;
		};
		03401E31292B685000ABECBA /* Build configuration list for PBXNativeTarget "appleMusicMock" */ = {
			isa = XCConfigurationList;
			buildConfigurations = (
				03401E32292B685000ABECBA /* Debug */,
				03401E33292B685000ABECBA /* Release */,
			);
			defaultConfigurationIsVisible = 0;
			defaultConfigurationName = Release;
		};
/* End XCConfigurationList section */
	};
	rootObject = 03401E15292B684F00ABECBA /* Project object */;
}
